
Microsoft Visual Studio Solution File, Format Version 12.00
# Visual Studio Version 16
VisualStudioVersion = 16.0.32002.261
MinimumVisualStudioVersion = 10.0.40219.1
Project("{FAE04EC0-301F-11D3-BF4B-00C04F79EFBC}") = "SampleFrame", "SampleFrame\SampleFrame.csproj", "{864AEC72-5723-4CC5-B40C-A7CD203198A8}"
EndProject
Project("{FAE04EC0-301F-11D3-BF4B-00C04F79EFBC}") = "DAO", "DAO\DAO.csproj", "{30F7BBF8-6730-413A-92EA-7465C2874752}"
EndProject
Project("{FAE04EC0-301F-11D3-BF4B-00C04F79EFBC}") = "Services", "Services\Services.csproj", "{CC4812C7-E826-4D2C-A9DA-2030947B2136}"
EndProject
Project("{FAE04EC0-301F-11D3-BF4B-00C04F79EFBC}") = "Entities", "Entities\Entities.csproj", "{C13E9E5E-93DC-4A43-BF41-E959B5D5AAAA}"
EndProject
Global
	GlobalSection(SolutionConfigurationPlatforms) = preSolution
		Debug|Any CPU = Debug|Any CPU
		Release|Any CPU = Release|Any CPU
	EndGlobalSection
	GlobalSection(ProjectConfigurationPlatforms) = postSolution
		{864AEC72-5723-4CC5-B40C-A7CD203198A8}.Debug|Any CPU.ActiveCfg = Debug|Any CPU
		{864AEC72-5723-4CC5-B40C-A7CD203198A8}.Debug|Any CPU.Build.0 = Debug|Any CPU
		{864AEC72-5723-4CC5-B40C-A7CD203198A8}.Release|Any CPU.ActiveCfg = Release|Any CPU
		{864AEC72-5723-4CC5-B40C-A7CD203198A8}.Release|Any CPU.Build.0 = Release|Any CPU
		{30F7BBF8-6730-413A-92EA-7465C2874752}.Debug|Any CPU.ActiveCfg = Debug|Any CPU
		{30F7BBF8-6730-413A-92EA-7465C2874752}.Debug|Any CPU.Build.0 = Debug|Any CPU
		{30F7BBF8-6730-413A-92EA-7465C2874752}.Release|Any CPU.ActiveCfg = Release|Any CPU
		{30F7BBF8-6730-413A-92EA-7465C2874752}.Release|Any CPU.Build.0 = Release|Any CPU
		{CC4812C7-E826-4D2C-A9DA-2030947B2136}.Debug|Any CPU.ActiveCfg = Debug|Any CPU
		{CC4812C7-E826-4D2C-A9DA-2030947B2136}.Debug|Any CPU.Build.0 = Debug|Any CPU
		{CC4812C7-E826-4D2C-A9DA-2030947B2136}.Release|Any CPU.ActiveCfg = Release|Any CPU
		{CC4812C7-E826-4D2C-A9DA-2030947B2136}.Release|Any CPU.Build.0 = Release|Any CPU
		{C13E9E5E-93DC-4A43-BF41-E959B5D5AAAA}.Debug|Any CPU.ActiveCfg = Debug|Any CPU
		{C13E9E5E-93DC-4A43-BF41-E959B5D5AAAA}.Debug|Any CPU.Build.0 = Debug|Any CPU
		{C13E9E5E-93DC-4A43-BF41-E959B5D5AAAA}.Release|Any CPU.ActiveCfg = Release|Any CPU
		{C13E9E5E-93DC-4A43-BF41-E959B5D5AAAA}.Release|Any CPU.Build.0 = Release|Any CPU
	EndGlobalSection
	GlobalSection(SolutionProperties) = preSolution
		HideSolutionNode = FALSE
	EndGlobalSection
	GlobalSection(ExtensibilityGlobals) = postSolution
		SolutionGuid = {96D41CAF-1473-4355-9E78-29B82E58E15D}
	EndGlobalSection
EndGlobal
